
Microsoft Visual Studio Solution File, Format Version 12.00
# Visual Studio 15
VisualStudioVersion = 15.0.27130.2036
MinimumVisualStudioVersion = 10.0.40219.1
Project("{FAE04EC0-301F-11D3-BF4B-00C04F79EFBC}") = "MRRC", "MRRC\MRRC.csproj", "{5314C4AB-C696-4A09-B031-EE8D35EECD85}"
	ProjectSection(ProjectDependencies) = postProject
		{B371FC50-6036-44EC-84FA-A090A4D1323A} = {B371FC50-6036-44EC-84FA-A090A4D1323A}
	EndProjectSection
EndProject
Project("{FAE04EC0-301F-11D3-BF4B-00C04F79EFBC}") = "MRRCManagement", "MRRCManagement\MRRCManagement.csproj", "{B371FC50-6036-44EC-84FA-A090A4D1323A}"
EndProject
Project("{FAE04EC0-301F-11D3-BF4B-00C04F79EFBC}") = "MRRCConsole", "MRRCConsole\MRRCConsole.csproj", "{50FF0C08-DD59-4645-A93C-42F3D4D4E9D3}"
EndProject
Global
	GlobalSection(SolutionConfigurationPlatforms) = preSolution
		Debug|Any CPU = Debug|Any CPU
		Release|Any CPU = Release|Any CPU
	EndGlobalSection
	GlobalSection(ProjectConfigurationPlatforms) = postSolution
		{5314C4AB-C696-4A09-B031-EE8D35EECD85}.Debug|Any CPU.ActiveCfg = Debug|Any CPU
		{5314C4AB-C696-4A09-B031-EE8D35EECD85}.Debug|Any CPU.Build.0 = Debug|Any CPU
		{5314C4AB-C696-4A09-B031-EE8D35EECD85}.Release|Any CPU.ActiveCfg = Release|Any CPU
		{5314C4AB-C696-4A09-B031-EE8D35EECD85}.Release|Any CPU.Build.0 = Release|Any CPU
		{B371FC50-6036-44EC-84FA-A090A4D1323A}.Debug|Any CPU.ActiveCfg = Debug|Any CPU
		{B371FC50-6036-44EC-84FA-A090A4D1323A}.Debug|Any CPU.Build.0 = Debug|Any CPU
		{B371FC50-6036-44EC-84FA-A090A4D1323A}.Release|Any CPU.ActiveCfg = Release|Any CPU
		{B371FC50-6036-44EC-84FA-A090A4D1323A}.Release|Any CPU.Build.0 = Release|Any CPU
		{50FF0C08-DD59-4645-A93C-42F3D4D4E9D3}.Debug|Any CPU.ActiveCfg = Debug|Any CPU
		{50FF0C08-DD59-4645-A93C-42F3D4D4E9D3}.Debug|Any CPU.Build.0 = Debug|Any CPU
		{50FF0C08-DD59-4645-A93C-42F3D4D4E9D3}.Release|Any CPU.ActiveCfg = Release|Any CPU
		{50FF0C08-DD59-4645-A93C-42F3D4D4E9D3}.Release|Any CPU.Build.0 = Release|Any CPU
	EndGlobalSection
	GlobalSection(SolutionProperties) = preSolution
		HideSolutionNode = FALSE
	EndGlobalSection
	GlobalSection(ExtensibilityGlobals) = postSolution
		SolutionGuid = {4D2762C1-AE04-44C5-A46A-38F1549C74DA}
	EndGlobalSection
EndGlobal
